# @generated - this file is auto-generated by `mise lock` https://mise.jdx.dev/dev-tools/mise-lock.html

[[tools.1password]]
version = "2.39.0"
backend = "vfox:mise-plugins/vfox-1password"

[tools.1password."platforms.linux-arm64"]
url = "https://cache.agilebits.com/dist/1P/op2/pkg/v2.39.0/op_linux_arm64_v2.39.0.zip"

[tools.1password."platforms.linux-arm64-musl"]
url = "https://cache.agilebits.com/dist/1P/op2/pkg/v2.39.0/op_linux_arm64_v2.39.0.zip"

[tools.1password."platforms.linux-x64"]
url = "https://cache.agilebits.com/dist/1P/op2/pkg/v2.39.0/op_linux_amd64_v2.39.0.zip"

[tools.1password."platforms.linux-x64-musl"]
url = "https://cache.agilebits.com/dist/1P/op2/pkg/v2.39.0/op_linux_amd64_v2.39.0.zip"

[tools.1password."platforms.macos-arm64"]
url = "https://cache.agilebits.com/dist/1P/op2/pkg/v2.39.0/op_darwin_arm64_v2.39.0.zip"

[tools.1password."platforms.macos-x64"]
url = "https://cache.agilebits.com/dist/1P/op2/pkg/v2.39.0/op_darwin_amd64_v2.39.0.zip"

[tools.1password."platforms.windows-x64"]
url = "https://cache.agilebits.com/dist/1P/op2/pkg/v2.39.0/op_windows_amd64_v2.39.0.zip"

[[tools.fnox]]
version = "1.33.1"
backend = "github:jdx/fnox"

[tools.fnox."platforms.linux-arm64"]
checksum = "sha256:ddb2bd1514a2a415f8cbd9113e260ad068a14a418b3534045e23525c60d0fae5"
url = "https://github.com/jdx/fnox/releases/download/v1.33.1/fnox-aarch64-unknown-linux-gnu.tar.gz"
url_api = "https://api.github.com/repos/jdx/fnox/releases/assets/517968664"
provenance = "github-attestations"

[tools.fnox."platforms.linux-arm64-musl"]
checksum = "sha256:4afa354751a4977c564485c1eec8f202965e9055c83f03ae40356bfaf9f4657e"
url = "https://github.com/jdx/fnox/releases/download/v1.33.1/fnox-aarch64-unknown-linux-musl.tar.gz"
url_api = "https://api.github.com/repos/jdx/fnox/releases/assets/517968661"
provenance = "github-attestations"

[tools.fnox."platforms.linux-x64"]
checksum = "sha256:548ba556f15c3f4046a33fe91b4d3eea15872de5fcdbe7d38a7dac6a9eab34c2"
url = "https://github.com/jdx/fnox/releases/download/v1.33.1/fnox-x86_64-unknown-linux-gnu.tar.gz"
url_api = "https://api.github.com/repos/jdx/fnox/releases/assets/517968687"
provenance = "github-attestations"

[tools.fnox."platforms.linux-x64-musl"]
checksum = "sha256:d4956442c00fbdc314b7463cabbd0d1c656de943638ba13d5a486d2283be521e"
url = "https://github.com/jdx/fnox/releases/download/v1.33.1/fnox-x86_64-unknown-linux-musl.tar.gz"
url_api = "https://api.github.com/repos/jdx/fnox/releases/assets/517968695"
provenance = "github-attestations"

[tools.fnox."platforms.macos-arm64"]
checksum = "sha256:80a3002841e69aa0be87820e49d25776a5c3ef96c22942aee28f910bf8aba5f6"
url = "https://github.com/jdx/fnox/releases/download/v1.33.1/fnox-aarch64-apple-darwin.tar.gz"
url_api = "https://api.github.com/repos/jdx/fnox/releases/assets/517968663"
provenance = "github-attestations"
provenance_verified = true

[tools.fnox."platforms.macos-x64"]
checksum = "sha256:1e6f40faf1cc0aa8406a131de755ac9fad8d87c8ccea7bcbc9b8bfdad861ed5f"
url = "https://github.com/jdx/fnox/releases/download/v1.33.1/fnox-x86_64-apple-darwin.tar.gz"
url_api = "https://api.github.com/repos/jdx/fnox/releases/assets/517968665"
provenance = "github-attestations"

[tools.fnox."platforms.windows-x64"]
checksum = "sha256:b59d04c326315cacbded505685205e501a0cee106a01d92fd860cb6661f9aacb"
url = "https://github.com/jdx/fnox/releases/download/v1.33.1/fnox-x86_64-pc-windows-msvc.zip"
url_api = "https://api.github.com/repos/jdx/fnox/releases/assets/517968685"
provenance = "github-attestations"

[[tools.wrangler]]
version = "4.105.0"
backend = "npm:wrangler"

[tools.wrangler.options]
allow_builds = '["esbuild", "sharp", "workerd"]'
